
Microsoft Visual Studio Solution File, Format Version 12.00
Project("{FAE04EC0-301F-11D3-BF4B-00C04F79EFBC}") = "TransactionTestCode", "TransactionTestCode\TransactionTestCode.csproj", "{9DBCDF26-E128-402C-B966-589BB8B1A67F}"
EndProject
Global
	GlobalSection(SolutionConfigurationPlatforms) = preSolution
		Debug|Any CPU = Debug|Any CPU
		Release|Any CPU = Release|Any CPU
	EndGlobalSection
	GlobalSection(ProjectConfigurationPlatforms) = postSolution
		{9DBCDF26-E128-402C-B966-589BB8B1A67F}.Debug|Any CPU.ActiveCfg = Debug|Any CPU
		{9DBCDF26-E128-402C-B966-589BB8B1A67F}.Debug|Any CPU.Build.0 = Debug|Any CPU
		{9DBCDF26-E128-402C-B966-589BB8B1A67F}.Release|Any CPU.ActiveCfg = Release|Any CPU
		{9DBCDF26-E128-402C-B966-589BB8B1A67F}.Release|Any CPU.Build.0 = Release|Any CPU
	EndGlobalSection
EndGlobal
